
Microsoft Visual Studio Solution File, Format Version 12.00
# Visual Studio Version 17
VisualStudioVersion = 17.11.35327.3
MinimumVisualStudioVersion = 10.0.40219.1
Project("{FAE04EC0-301F-11D3-BF4B-00C04F79EFBC}") = "GAEFT9_HSZF_2024251.Console", "GAEFT9_HSZF_2024251.Console\GAEFT9_HSZF_2024251.Console.csproj", "{F97A3668-D567-47A4-A776-0A9C0C371F3A}"
EndProject
Project("{FAE04EC0-301F-11D3-BF4B-00C04F79EFBC}") = "GAEFT9_HSZF_2024251.Application", "GAEFT9_HSZF_2024251.Application\GAEFT9_HSZF_2024251.Application.csproj", "{76595075-838B-455E-92BA-B72F8B970231}"
EndProject
Project("{FAE04EC0-301F-11D3-BF4B-00C04F79EFBC}") = "GAEFT9_HSZF_2024251.Model", "GAEFT9_HSZF_2024251.Model\GAEFT9_HSZF_2024251.Model.csproj", "{F8B86C60-34B7-4BA2-A498-7C535C96039E}"
EndProject
Project("{FAE04EC0-301F-11D3-BF4B-00C04F79EFBC}") = "GAEFT9_HSZF_2024251.Persistence.MsSql", "GAEFT9_HSZF_2024251.Persistence.MsSql\GAEFT9_HSZF_2024251.Persistence.MsSql.csproj", "{F1D63AEC-4687-43F7-94DF-11AF5F5551F8}"
EndProject
Project("{FAE04EC0-301F-11D3-BF4B-00C04F79EFBC}") = "GAEFT9_HSZF_2024251.Test", "GAEFT9_HSZF_2024251.Test\GAEFT9_HSZF_2024251.Test.csproj", "{D8B2F1EE-63F1-48E6-BD1D-401075F6E5BD}"
EndProject
Project("{2150E333-8FDC-42A3-9474-1A3956D46DE8}") = "Application", "Application", "{A369D5C1-1B98-4133-99CF-23A660D33617}"
EndProject
Project("{2150E333-8FDC-42A3-9474-1A3956D46DE8}") = "Domain", "Domain", "{A3CF55F0-D9D4-48B0-8C31-07EC03503AD7}"
EndProject
Project("{2150E333-8FDC-42A3-9474-1A3956D46DE8}") = "Infrastructure", "Infrastructure", "{16C735A2-DA90-4415-8A33-BF33F948C6E5}"
EndProject
Project("{2150E333-8FDC-42A3-9474-1A3956D46DE8}") = "Presentation", "Presentation", "{2BAECB07-5B89-4A6F-B444-09000CD7F4D8}"
EndProject
Project("{2150E333-8FDC-42A3-9474-1A3956D46DE8}") = "Tests", "Tests", "{696693EA-D597-45B6-827C-0649FA6914F3}"
EndProject
Global
	GlobalSection(SolutionConfigurationPlatforms) = preSolution
		Debug|Any CPU = Debug|Any CPU
		Release|Any CPU = Release|Any CPU
	EndGlobalSection
	GlobalSection(ProjectConfigurationPlatforms) = postSolution
		{F97A3668-D567-47A4-A776-0A9C0C371F3A}.Debug|Any CPU.ActiveCfg = Debug|Any CPU
		{F97A3668-D567-47A4-A776-0A9C0C371F3A}.Debug|Any CPU.Build.0 = Debug|Any CPU
		{F97A3668-D567-47A4-A776-0A9C0C371F3A}.Release|Any CPU.ActiveCfg = Release|Any CPU
		{F97A3668-D567-47A4-A776-0A9C0C371F3A}.Release|Any CPU.Build.0 = Release|Any CPU
		{76595075-838B-455E-92BA-B72F8B970231}.Debug|Any CPU.ActiveCfg = Debug|Any CPU
		{76595075-838B-455E-92BA-B72F8B970231}.Debug|Any CPU.Build.0 = Debug|Any CPU
		{76595075-838B-455E-92BA-B72F8B970231}.Release|Any CPU.ActiveCfg = Release|Any CPU
		{76595075-838B-455E-92BA-B72F8B970231}.Release|Any CPU.Build.0 = Release|Any CPU
		{F8B86C60-34B7-4BA2-A498-7C535C96039E}.Debug|Any CPU.ActiveCfg = Debug|Any CPU
		{F8B86C60-34B7-4BA2-A498-7C535C96039E}.Debug|Any CPU.Build.0 = Debug|Any CPU
		{F8B86C60-34B7-4BA2-A498-7C535C96039E}.Release|Any CPU.ActiveCfg = Release|Any CPU
		{F8B86C60-34B7-4BA2-A498-7C535C96039E}.Release|Any CPU.Build.0 = Release|Any CPU
		{F1D63AEC-4687-43F7-94DF-11AF5F5551F8}.Debug|Any CPU.ActiveCfg = Debug|Any CPU
		{F1D63AEC-4687-43F7-94DF-11AF5F5551F8}.Debug|Any CPU.Build.0 = Debug|Any CPU
		{F1D63AEC-4687-43F7-94DF-11AF5F5551F8}.Release|Any CPU.ActiveCfg = Release|Any CPU
		{F1D63AEC-4687-43F7-94DF-11AF5F5551F8}.Release|Any CPU.Build.0 = Release|Any CPU
		{D8B2F1EE-63F1-48E6-BD1D-401075F6E5BD}.Debug|Any CPU.ActiveCfg = Debug|Any CPU
		{D8B2F1EE-63F1-48E6-BD1D-401075F6E5BD}.Debug|Any CPU.Build.0 = Debug|Any CPU
		{D8B2F1EE-63F1-48E6-BD1D-401075F6E5BD}.Release|Any CPU.ActiveCfg = Release|Any CPU
		{D8B2F1EE-63F1-48E6-BD1D-401075F6E5BD}.Release|Any CPU.Build.0 = Release|Any CPU
	EndGlobalSection
	GlobalSection(SolutionProperties) = preSolution
		HideSolutionNode = FALSE
	EndGlobalSection
	GlobalSection(NestedProjects) = preSolution
		{F97A3668-D567-47A4-A776-0A9C0C371F3A} = {2BAECB07-5B89-4A6F-B444-09000CD7F4D8}
		{76595075-838B-455E-92BA-B72F8B970231} = {A369D5C1-1B98-4133-99CF-23A660D33617}
		{F8B86C60-34B7-4BA2-A498-7C535C96039E} = {A3CF55F0-D9D4-48B0-8C31-07EC03503AD7}
		{F1D63AEC-4687-43F7-94DF-11AF5F5551F8} = {16C735A2-DA90-4415-8A33-BF33F948C6E5}
		{D8B2F1EE-63F1-48E6-BD1D-401075F6E5BD} = {696693EA-D597-45B6-827C-0649FA6914F3}
	EndGlobalSection
	GlobalSection(ExtensibilityGlobals) = postSolution
		SolutionGuid = {2C46472D-90AA-4497-9D14-A1ACD9904315}
	EndGlobalSection
EndGlobal
